
Microsoft Visual Studio Solution File, Format Version 12.00
# Visual Studio Version 16
VisualStudioVersion = 16.0.30011.22
MinimumVisualStudioVersion = 10.0.40219.1
Project("{159641D6-6404-4A2A-AE62-294DE0FE8301}") = "AzureTarget", "AzureTarget\AzureTarget.dtproj", "{EF9CD231-D34A-4B3A-AD8F-9D0408146912}"
EndProject
Global
	GlobalSection(SolutionConfigurationPlatforms) = preSolution
		Azure|Default = Azure|Default
		Development|Default = Development|Default
	EndGlobalSection
	GlobalSection(ProjectConfigurationPlatforms) = postSolution
		{EF9CD231-D34A-4B3A-AD8F-9D0408146912}.Azure|Default.ActiveCfg = Azure
		{EF9CD231-D34A-4B3A-AD8F-9D0408146912}.Azure|Default.Build.0 = Azure
		{EF9CD231-D34A-4B3A-AD8F-9D0408146912}.Development|Default.ActiveCfg = Development
		{EF9CD231-D34A-4B3A-AD8F-9D0408146912}.Development|Default.Build.0 = Development
	EndGlobalSection
	GlobalSection(SolutionProperties) = preSolution
		HideSolutionNode = FALSE
	EndGlobalSection
	GlobalSection(ExtensibilityGlobals) = postSolution
		SolutionGuid = {21DF86A1-DA77-43AB-A083-1BDB29642AE9}
	EndGlobalSection
EndGlobal
